
Microsoft Visual Studio Solution File, Format Version 12.00
# Visual Studio Version 17
VisualStudioVersion = 17.9.34701.34
MinimumVisualStudioVersion = 10.0.40219.1
Project("{8BC9CEB8-8B4A-11D0-8D11-00A0C91BC942}") = "Back_24511", "Back_24511\Back_24511.vcxproj", "{86AE9481-3266-4DAD-B246-C9D0F338C28C}"
EndProject
Global
	GlobalSection(SolutionConfigurationPlatforms) = preSolution
		Debug|x64 = Debug|x64
		Debug|x86 = Debug|x86
		Release|x64 = Release|x64
		Release|x86 = Release|x86
	EndGlobalSection
	GlobalSection(ProjectConfigurationPlatforms) = postSolution
		{86AE9481-3266-4DAD-B246-C9D0F338C28C}.Debug|x64.ActiveCfg = Debug|x64
		{86AE9481-3266-4DAD-B246-C9D0F338C28C}.Debug|x64.Build.0 = Debug|x64
		{86AE9481-3266-4DAD-B246-C9D0F338C28C}.Debug|x86.ActiveCfg = Debug|Win32
		{86AE9481-3266-4DAD-B246-C9D0F338C28C}.Debug|x86.Build.0 = Debug|Win32
		{86AE9481-3266-4DAD-B246-C9D0F338C28C}.Release|x64.ActiveCfg = Release|x64
		{86AE9481-3266-4DAD-B246-C9D0F338C28C}.Release|x64.Build.0 = Release|x64
		{86AE9481-3266-4DAD-B246-C9D0F338C28C}.Release|x86.ActiveCfg = Release|Win32
		{86AE9481-3266-4DAD-B246-C9D0F338C28C}.Release|x86.Build.0 = Release|Win32
	EndGlobalSection
	GlobalSection(SolutionProperties) = preSolution
		HideSolutionNode = FALSE
	EndGlobalSection
	GlobalSection(ExtensibilityGlobals) = postSolution
		SolutionGuid = {957C2BA9-A066-4282-BBC5-B9107FDC6059}
	EndGlobalSection
EndGlobal
